
Microsoft Visual Studio Solution File, Format Version 11.00
# Visual Studio 2010
Project("{8BC9CEB8-8B4A-11D0-8D11-00A0C91BC942}") = "cuda_live_attach", "cuda_live_attach.vcxproj", "{8164052D-18C0-4194-A0D6-3DBB27FDAF2D}"
EndProject
Global
	GlobalSection(SolutionConfigurationPlatforms) = preSolution
		Debug|Win32 = Debug|Win32
		Debug|x64 = Debug|x64
		Release|Win32 = Release|Win32
		Release|x64 = Release|x64
	EndGlobalSection
	GlobalSection(ProjectConfigurationPlatforms) = postSolution
		{8164052D-18C0-4194-A0D6-3DBB27FDAF2D}.Debug|Win32.ActiveCfg = Debug|Win32
		{8164052D-18C0-4194-A0D6-3DBB27FDAF2D}.Debug|Win32.Build.0 = Debug|Win32
		{8164052D-18C0-4194-A0D6-3DBB27FDAF2D}.Debug|x64.ActiveCfg = Debug|x64
		{8164052D-18C0-4194-A0D6-3DBB27FDAF2D}.Debug|x64.Build.0 = Debug|x64
		{8164052D-18C0-4194-A0D6-3DBB27FDAF2D}.Release|Win32.ActiveCfg = Release|Win32
		{8164052D-18C0-4194-A0D6-3DBB27FDAF2D}.Release|Win32.Build.0 = Release|Win32
		{8164052D-18C0-4194-A0D6-3DBB27FDAF2D}.Release|x64.ActiveCfg = Release|x64
		{8164052D-18C0-4194-A0D6-3DBB27FDAF2D}.Release|x64.Build.0 = Release|x64
	EndGlobalSection
	GlobalSection(SolutionProperties) = preSolution
		HideSolutionNode = FALSE
	EndGlobalSection
EndGlobal
