// !$*UTF8*$!
{
	archiveVersion = 1;
	classes = {
	};
	objectVersion = 50;
	objects = {

/* Begin PBXBuildFile section */
		6652005E20906CA200CCBFCA /* init_uninit.cpp in Sources */ = {isa = PBXBuildFile; fileRef = 6652005D20906CA200CCBFCA /* init_uninit.cpp */; };
		6652006720906E9A00CCBFCA /* common.cpp in Sources */ = {isa = PBXBuildFile; fileRef = 6652006420906E9A00CCBFCA /* common.cpp */; };
		6652006C20906F7600CCBFCA /* dcamapi.framework in Frameworks */ = {isa = PBXBuildFile; fileRef = 6652006B20906F7600CCBFCA /* dcamapi.framework */; };
/* End PBXBuildFile section */

/* Begin PBXCopyFilesBuildPhase section */
		6652005020906C5800CCBFCA /* CopyFiles */ = {
			isa = PBXCopyFilesBuildPhase;
			buildActionMask = 2147483647;
			dstPath = /usr/share/man/man1/;
			dstSubfolderSpec = 0;
			files = (
			);
			runOnlyForDeploymentPostprocessing = 1;
		};
/* End PBXCopyFilesBuildPhase section */

/* Begin PBXFileReference section */
		6652005220906C5800CCBFCA /* init_uninit */ = {isa = PBXFileReference; explicitFileType = "compiled.mach-o.executable"; includeInIndex = 0; path = init_uninit; sourceTree = BUILT_PRODUCTS_DIR; };
		6652005D20906CA200CCBFCA /* init_uninit.cpp */ = {isa = PBXFileReference; fileEncoding = 4; lastKnownFileType = sourcecode.cpp.cpp; path = init_uninit.cpp; sourceTree = "<group>"; };
		6652006420906E9A00CCBFCA /* common.cpp */ = {isa = PBXFileReference; fileEncoding = 4; lastKnownFileType = sourcecode.cpp.cpp; path = common.cpp; sourceTree = "<group>"; };
		6652006520906E9A00CCBFCA /* console4.h */ = {isa = PBXFileReference; fileEncoding = 4; lastKnownFileType = sourcecode.c.h; path = console4.h; sourceTree = "<group>"; };
		6652006620906E9A00CCBFCA /* common.h */ = {isa = PBXFileReference; fileEncoding = 4; lastKnownFileType = sourcecode.c.h; path = common.h; sourceTree = "<group>"; };
		6652006B20906F7600CCBFCA /* dcamapi.framework */ = {isa = PBXFileReference; lastKnownFileType = wrapper.framework; name = dcamapi.framework; path = ../../../../../../../../../../Library/Frameworks/dcamapi.framework; sourceTree = "<group>"; };
/* End PBXFileReference section */

/* Begin PBXFrameworksBuildPhase section */
		6652004F20906C5800CCBFCA /* Frameworks */ = {
			isa = PBXFrameworksBuildPhase;
			buildActionMask = 2147483647;
			files = (
				6652006C20906F7600CCBFCA /* dcamapi.framework in Frameworks */,
			);
			runOnlyForDeploymentPostprocessing = 0;
		};
/* End PBXFrameworksBuildPhase section */

/* Begin PBXGroup section */
		6652004920906C5700CCBFCA = {
			isa = PBXGroup;
			children = (
				6652006820906F2500CCBFCA /* Reference */,
				6652005C20906C9000CCBFCA /* Sources */,
				6652005320906C5800CCBFCA /* Products */,
			);
			sourceTree = "<group>";
		};
		6652005320906C5800CCBFCA /* Products */ = {
			isa = PBXGroup;
			children = (
				6652005220906C5800CCBFCA /* init_uninit */,
			);
			name = Products;
			sourceTree = "<group>";
		};
		6652005C20906C9000CCBFCA /* Sources */ = {
			isa = PBXGroup;
			children = (
				6652005D20906CA200CCBFCA /* init_uninit.cpp */,
				6652005F20906E4B00CCBFCA /* misc */,
			);
			name = Sources;
			sourceTree = "<group>";
		};
		6652005F20906E4B00CCBFCA /* misc */ = {
			isa = PBXGroup;
			children = (
				6652006420906E9A00CCBFCA /* common.cpp */,
				6652006620906E9A00CCBFCA /* common.h */,
				6652006520906E9A00CCBFCA /* console4.h */,
			);
			name = misc;
			path = ../misc;
			sourceTree = "<group>";
		};
		6652006820906F2500CCBFCA /* Reference */ = {
			isa = PBXGroup;
			children = (
				6652006B20906F7600CCBFCA /* dcamapi.framework */,
			);
			name = Reference;
			sourceTree = "<group>";
		};
/* End PBXGroup section */

/* Begin PBXNativeTarget section */
		6652005120906C5800CCBFCA /* init_uninit */ = {
			isa = PBXNativeTarget;
			buildConfigurationList = 6652005920906C5800CCBFCA /* Build configuration list for PBXNativeTarget "init_uninit" */;
			buildPhases = (
				6652004E20906C5800CCBFCA /* Sources */,
				6652004F20906C5800CCBFCA /* Frameworks */,
				6652005020906C5800CCBFCA /* CopyFiles */,
			);
			buildRules = (
			);
			dependencies = (
			);
			name = init_uninit;
			productName = init_uninit;
			productReference = 6652005220906C5800CCBFCA /* init_uninit */;
			productType = "com.apple.product-type.tool";
		};
/* End PBXNativeTarget section */

/* Begin PBXProject section */
		6652004A20906C5700CCBFCA /* Project object */ = {
			isa = PBXProject;
			attributes = {
				LastUpgradeCheck = 0930;
				ORGANIZATIONNAME = "Hamamatsu Photonics K.K.";
				TargetAttributes = {
					6652005120906C5800CCBFCA = {
						CreatedOnToolsVersion = 9.3;
					};
				};
			};
			buildConfigurationList = 6652004D20906C5700CCBFCA /* Build configuration list for PBXProject "init_uninit" */;
			compatibilityVersion = "Xcode 9.3";
			developmentRegion = en;
			hasScannedForEncodings = 0;
			knownRegions = (
				en,
			);
			mainGroup = 6652004920906C5700CCBFCA;
			productRefGroup = 6652005320906C5800CCBFCA /* Products */;
			projectDirPath = "";
			projectRoot = "";
			targets = (
				6652005120906C5800CCBFCA /* init_uninit */,
			);
		};
/* End PBXProject section */

/* Begin PBXSourcesBuildPhase section */
		6652004E20906C5800CCBFCA /* Sources */ = {
			isa = PBXSourcesBuildPhase;
			buildActionMask = 2147483647;
			files = (
				6652006720906E9A00CCBFCA /* common.cpp in Sources */,
				6652005E20906CA200CCBFCA /* init_uninit.cpp in Sources */,
			);
			runOnlyForDeploymentPostprocessing = 0;
		};
/* End PBXSourcesBuildPhase section */

/* Begin XCBuildConfiguration section */
		6652005720906C5800CCBFCA /* Debug */ = {
			isa = XCBuildConfiguration;
			buildSettings = {
				ALWAYS_SEARCH_USER_PATHS = NO;
				CLANG_ANALYZER_NONNULL = YES;
				CLANG_ANALYZER_NUMBER_OBJECT_CONVERSION = YES_AGGRESSIVE;
				CLANG_CXX_LANGUAGE_STANDARD = "gnu++14";
				CLANG_CXX_LIBRARY = "libc++";
				CLANG_ENABLE_MODULES = YES;
				CLANG_ENABLE_OBJC_ARC = YES;
				CLANG_ENABLE_OBJC_WEAK = YES;
				CLANG_WARN_BLOCK_CAPTURE_AUTORELEASING = YES;
				CLANG_WARN_BOOL_CONVERSION = YES;
				CLANG_WARN_COMMA = YES;
				CLANG_WARN_CONSTANT_CONVERSION = YES;
				CLANG_WARN_DEPRECATED_OBJC_IMPLEMENTATIONS = YES;
				CLANG_WARN_DIRECT_OBJC_ISA_USAGE = YES_ERROR;
				CLANG_WARN_DOCUMENTATION_COMMENTS = YES;
				CLANG_WARN_EMPTY_BODY = YES;
				CLANG_WARN_ENUM_CONVERSION = YES;
				CLANG_WARN_INFINITE_RECURSION = YES;
				CLANG_WARN_INT_CONVERSION = YES;
				CLANG_WARN_NON_LITERAL_NULL_CONVERSION = YES;
				CLANG_WARN_OBJC_IMPLICIT_RETAIN_SELF = YES;
				CLANG_WARN_OBJC_LITERAL_CONVERSION = YES;
				CLANG_WARN_OBJC_ROOT_CLASS = YES_ERROR;
				CLANG_WARN_RANGE_LOOP_ANALYSIS = YES;
				CLANG_WARN_STRICT_PROTOTYPES = YES;
				CLANG_WARN_SUSPICIOUS_MOVE = YES;
				CLANG_WARN_UNGUARDED_AVAILABILITY = YES_AGGRESSIVE;
				CLANG_WARN_UNREACHABLE_CODE = YES;
				CLANG_WARN__DUPLICATE_METHOD_MATCH = YES;
				CODE_SIGN_IDENTITY = "-";
				COPY_PHASE_STRIP = NO;
				DEBUG_INFORMATION_FORMAT = dwarf;
				ENABLE_STRICT_OBJC_MSGSEND = YES;
				ENABLE_TESTABILITY = YES;
				GCC_C_LANGUAGE_STANDARD = gnu11;
				GCC_DYNAMIC_NO_PIC = NO;
				GCC_NO_COMMON_BLOCKS = YES;
				GCC_OPTIMIZATION_LEVEL = 0;
				GCC_PREPROCESSOR_DEFINITIONS = (
					"DEBUG=1",
					"$(inherited)",
				);
				GCC_WARN_64_TO_32_BIT_CONVERSION = YES;
				GCC_WARN_ABOUT_RETURN_TYPE = YES_ERROR;
				GCC_WARN_UNDECLARED_SELECTOR = YES;
				GCC_WARN_UNINITIALIZED_AUTOS = YES_AGGRESSIVE;
				GCC_WARN_UNUSED_FUNCTION = YES;
				GCC_WARN_UNUSED_VARIABLE = YES;
				MACOSX_DEPLOYMENT_TARGET = 10.13;
				MTL_ENABLE_DEBUG_INFO = YES;
				ONLY_ACTIVE_ARCH = YES;
				SDKROOT = macosx;
			};
			name = Debug;
		};
		6652005820906C5800CCBFCA /* Release */ = {
			isa = XCBuildConfiguration;
			buildSettings = {
				ALWAYS_SEARCH_USER_PATHS = NO;
				CLANG_ANALYZER_NONNULL = YES;
				CLANG_ANALYZER_NUMBER_OBJECT_CONVERSION = YES_AGGRESSIVE;
				CLANG_CXX_LANGUAGE_STANDARD = "gnu++14";
				CLANG_CXX_LIBRARY = "libc++";
				CLANG_ENABLE_MODULES = YES;
				CLANG_ENABLE_OBJC_ARC = YES;
				CLANG_ENABLE_OBJC_WEAK = YES;
				CLANG_WARN_BLOCK_CAPTURE_AUTORELEASING = YES;
				CLANG_WARN_BOOL_CONVERSION = YES;
				CLANG_WARN_COMMA = YES;
				CLANG_WARN_CONSTANT_CONVERSION = YES;
				CLANG_WARN_DEPRECATED_OBJC_IMPLEMENTATIONS = YES;
				CLANG_WARN_DIRECT_OBJC_ISA_USAGE = YES_ERROR;
				CLANG_WARN_DOCUMENTATION_COMMENTS = YES;
				CLANG_WARN_EMPTY_BODY = YES;
				CLANG_WARN_ENUM_CONVERSION = YES;
				CLANG_WARN_INFINITE_RECURSION = YES;
				CLANG_WARN_INT_CONVERSION = YES;
				CLANG_WARN_NON_LITERAL_NULL_CONVERSION = YES;
				CLANG_WARN_OBJC_IMPLICIT_RETAIN_SELF = YES;
				CLANG_WARN_OBJC_LITERAL_CONVERSION = YES;
				CLANG_WARN_OBJC_ROOT_CLASS = YES_ERROR;
				CLANG_WARN_RANGE_LOOP_ANALYSIS = YES;
				CLANG_WARN_STRICT_PROTOTYPES = YES;
				CLANG_WARN_SUSPICIOUS_MOVE = YES;
				CLANG_WARN_UNGUARDED_AVAILABILITY = YES_AGGRESSIVE;
				CLANG_WARN_UNREACHABLE_CODE = YES;
				CLANG_WARN__DUPLICATE_METHOD_MATCH = YES;
				CODE_SIGN_IDENTITY = "-";
				COPY_PHASE_STRIP = NO;
				DEBUG_INFORMATION_FORMAT = "dwarf-with-dsym";
				ENABLE_NS_ASSERTIONS = NO;
				ENABLE_STRICT_OBJC_MSGSEND = YES;
				GCC_C_LANGUAGE_STANDARD = gnu11;
				GCC_NO_COMMON_BLOCKS = YES;
				GCC_WARN_64_TO_32_BIT_CONVERSION = YES;
				GCC_WARN_ABOUT_RETURN_TYPE = YES_ERROR;
				GCC_WARN_UNDECLARED_SELECTOR = YES;
				GCC_WARN_UNINITIALIZED_AUTOS = YES_AGGRESSIVE;
				GCC_WARN_UNUSED_FUNCTION = YES;
				GCC_WARN_UNUSED_VARIABLE = YES;
				MACOSX_DEPLOYMENT_TARGET = 10.13;
				MTL_ENABLE_DEBUG_INFO = NO;
				SDKROOT = macosx;
			};
			name = Release;
		};
		6652005A20906C5800CCBFCA /* Debug */ = {
			isa = XCBuildConfiguration;
			buildSettings = {
				CODE_SIGN_STYLE = Automatic;
				FRAMEWORK_SEARCH_PATHS = (
					"$(inherited)",
					"$(LOCAL_LIBRARY_DIR)/Frameworks",
				);
				PRODUCT_NAME = "$(TARGET_NAME)";
			};
			name = Debug;
		};
		6652005B20906C5800CCBFCA /* Release */ = {
			isa = XCBuildConfiguration;
			buildSettings = {
				CODE_SIGN_STYLE = Automatic;
				FRAMEWORK_SEARCH_PATHS = (
					"$(inherited)",
					"$(LOCAL_LIBRARY_DIR)/Frameworks",
				);
				PRODUCT_NAME = "$(TARGET_NAME)";
			};
			name = Release;
		};
/* End XCBuildConfiguration section */

/* Begin XCConfigurationList section */
		6652004D20906C5700CCBFCA /* Build configuration list for PBXProject "init_uninit" */ = {
			isa = XCConfigurationList;
			buildConfigurations = (
				6652005720906C5800CCBFCA /* Debug */,
				6652005820906C5800CCBFCA /* Release */,
			);
			defaultConfigurationIsVisible = 0;
			defaultConfigurationName = Release;
		};
		6652005920906C5800CCBFCA /* Build configuration list for PBXNativeTarget "init_uninit" */ = {
			isa = XCConfigurationList;
			buildConfigurations = (
				6652005A20906C5800CCBFCA /* Debug */,
				6652005B20906C5800CCBFCA /* Release */,
			);
			defaultConfigurationIsVisible = 0;
			defaultConfigurationName = Release;
		};
/* End XCConfigurationList section */
	};
	rootObject = 6652004A20906C5700CCBFCA /* Project object */;
}
